
Microsoft Visual Studio Solution File, Format Version 12.00
# Visual Studio Version 16
VisualStudioVersion = 16.0.31025.194
MinimumVisualStudioVersion = 10.0.40219.1
Project("{FAE04EC0-301F-11D3-BF4B-00C04F79EFBC}") = "AddressbookNETFramework", "AddressbookNETFramework\AddressbookNETFramework.csproj", "{EC092BE6-83FE-42F4-AA19-0ABFB61B8040}"
EndProject
Global
	GlobalSection(SolutionConfigurationPlatforms) = preSolution
		Debug|Any CPU = Debug|Any CPU
		Release|Any CPU = Release|Any CPU
	EndGlobalSection
	GlobalSection(ProjectConfigurationPlatforms) = postSolution
		{EC092BE6-83FE-42F4-AA19-0ABFB61B8040}.Debug|Any CPU.ActiveCfg = Debug|Any CPU
		{EC092BE6-83FE-42F4-AA19-0ABFB61B8040}.Debug|Any CPU.Build.0 = Debug|Any CPU
		{EC092BE6-83FE-42F4-AA19-0ABFB61B8040}.Release|Any CPU.ActiveCfg = Release|Any CPU
		{EC092BE6-83FE-42F4-AA19-0ABFB61B8040}.Release|Any CPU.Build.0 = Release|Any CPU
	EndGlobalSection
	GlobalSection(SolutionProperties) = preSolution
		HideSolutionNode = FALSE
	EndGlobalSection
	GlobalSection(ExtensibilityGlobals) = postSolution
		SolutionGuid = {91D289B3-0DD2-416F-925E-52C3A1C93C8F}
	EndGlobalSection
EndGlobal
